// !$*UTF8*$!
{
	archiveVersion = 1;
	classes = {
	};
	objectVersion = 50;
	objects = {

/* Begin PBXBuildFile section */
		FAC62DDB23ABBF7800897A3C /* AppDelegate.swift in Sources */ = {isa = PBXBuildFile; fileRef = FAC62DDA23ABBF7800897A3C /* AppDelegate.swift */; };
		FAC62DDD23ABBF7800897A3C /* SceneDelegate.swift in Sources */ = {isa = PBXBuildFile; fileRef = FAC62DDC23ABBF7800897A3C /* SceneDelegate.swift */; };
		FAC62DDF23ABBF7800897A3C /* ViewController.swift in Sources */ = {isa = PBXBuildFile; fileRef = FAC62DDE23ABBF7800897A3C /* ViewController.swift */; };
		FAC62DE223ABBF7800897A3C /* Main.storyboard in Resources */ = {isa = PBXBuildFile; fileRef = FAC62DE023ABBF7800897A3C /* Main.storyboard */; };
		FAC62DE423ABBF7A00897A3C /* Assets.xcassets in Resources */ = {isa = PBXBuildFile; fileRef = FAC62DE323ABBF7A00897A3C /* Assets.xcassets */; };
		FAC62DE723ABBF7A00897A3C /* LaunchScreen.storyboard in Resources */ = {isa = PBXBuildFile; fileRef = FAC62DE523ABBF7A00897A3C /* LaunchScreen.storyboard */; };
/* End PBXBuildFile section */

/* Begin PBXFileReference section */
		FAC62DD723ABBF7800897A3C /* HeySun.app */ = {isa = PBXFileReference; explicitFileType = wrapper.application; includeInIndex = 0; path = HeySun.app; sourceTree = BUILT_PRODUCTS_DIR; };
		FAC62DDA23ABBF7800897A3C /* AppDelegate.swift */ = {isa = PBXFileReference; lastKnownFileType = sourcecode.swift; path = AppDelegate.swift; sourceTree = "<group>"; };
		FAC62DDC23ABBF7800897A3C /* SceneDelegate.swift */ = {isa = PBXFileReference; lastKnownFileType = sourcecode.swift; path = SceneDelegate.swift; sourceTree = "<group>"; };
		FAC62DDE23ABBF7800897A3C /* ViewController.swift */ = {isa = PBXFileReference; lastKnownFileType = sourcecode.swift; path = ViewController.swift; sourceTree = "<group>"; };
		FAC62DE123ABBF7800897A3C /* Base */ = {isa = PBXFileReference; lastKnownFileType = file.storyboard; name = Base; path = Base.lproj/Main.storyboard; sourceTree = "<group>"; };
		FAC62DE323ABBF7A00897A3C /* Assets.xcassets */ = {isa = PBXFileReference; lastKnownFileType = folder.assetcatalog; path = Assets.xcassets; sourceTree = "<group>"; };
		FAC62DE623ABBF7A00897A3C /* Base */ = {isa = PBXFileReference; lastKnownFileType = file.storyboard; name = Base; path = Base.lproj/LaunchScreen.storyboard; sourceTree = "<group>"; };
		FAC62DE823ABBF7A00897A3C /* Info.plist */ = {isa = PBXFileReference; lastKnownFileType = text.plist.xml; path = Info.plist; sourceTree = "<group>"; };
/* End PBXFileReference section */

/* Begin PBXFrameworksBuildPhase section */
		FAC62DD423ABBF7800897A3C /* Frameworks */ = {
			isa = PBXFrameworksBuildPhase;
			buildActionMask = 2147483647;
			files = (
			);
			runOnlyForDeploymentPostprocessing = 0;
		};
/* End PBXFrameworksBuildPhase section */

/* Begin PBXGroup section */
		FAC62DCE23ABBF7800897A3C = {
			isa = PBXGroup;
			children = (
				FAC62DD923ABBF7800897A3C /* HeySun */,
				FAC62DD823ABBF7800897A3C /* Products */,
			);
			sourceTree = "<group>";
		};
		FAC62DD823ABBF7800897A3C /* Products */ = {
			isa = PBXGroup;
			children = (
				FAC62DD723ABBF7800897A3C /* HeySun.app */,
			);
			name = Products;
			sourceTree = "<group>";
		};
		FAC62DD923ABBF7800897A3C /* HeySun */ = {
			isa = PBXGroup;
			children = (
				FAC62DDA23ABBF7800897A3C /* AppDelegate.swift */,
				FAC62DDC23ABBF7800897A3C /* SceneDelegate.swift */,
				FAC62DDE23ABBF7800897A3C /* ViewController.swift */,
				FAC62DE023ABBF7800897A3C /* Main.storyboard */,
				FAC62DE323ABBF7A00897A3C /* Assets.xcassets */,
				FAC62DE523ABBF7A00897A3C /* LaunchScreen.storyboard */,
				FAC62DE823ABBF7A00897A3C /* Info.plist */,
			);
			path = HeySun;
			sourceTree = "<group>";
		};
/* End PBXGroup section */

/* Begin PBXNativeTarget section */
		FAC62DD623ABBF7800897A3C /* HeySun */ = {
			isa = PBXNativeTarget;
			buildConfigurationList = FAC62DEB23ABBF7A00897A3C /* Build configuration list for PBXNativeTarget "HeySun" */;
			buildPhases = (
				FAC62DD323ABBF7800897A3C /* Sources */,
				FAC62DD423ABBF7800897A3C /* Frameworks */,
				FAC62DD523ABBF7800897A3C /* Resources */,
			);
			buildRules = (
			);
			dependencies = (
			);
			name = HeySun;
			productName = HeySun;
			productReference = FAC62DD723ABBF7800897A3C /* HeySun.app */;
			productType = "com.apple.product-type.application";
		};
/* End PBXNativeTarget section */

/* Begin PBXProject section */
		FAC62DCF23ABBF7800897A3C /* Project object */ = {
			isa = PBXProject;
			attributes = {
				LastSwiftUpdateCheck = 1130;
				LastUpgradeCheck = 1130;
				ORGANIZATIONNAME = "Aleksei Kaliev";
				TargetAttributes = {
					FAC62DD623ABBF7800897A3C = {
						CreatedOnToolsVersion = 11.3;
					};
				};
			};
			buildConfigurationList = FAC62DD223ABBF7800897A3C /* Build configuration list for PBXProject "HeySun" */;
			compatibilityVersion = "Xcode 9.3";
			developmentRegion = en;
			hasScannedForEncodings = 0;
			knownRegions = (
				en,
				Base,
			);
			mainGroup = FAC62DCE23ABBF7800897A3C;
			productRefGroup = FAC62DD823ABBF7800897A3C /* Products */;
			projectDirPath = "";
			projectRoot = "";
			targets = (
				FAC62DD623ABBF7800897A3C /* HeySun */,
			);
		};
/* End PBXProject section */

/* Begin PBXResourcesBuildPhase section */
		FAC62DD523ABBF7800897A3C /* Resources */ = {
			isa = PBXResourcesBuildPhase;
			buildActionMask = 2147483647;
			files = (
				FAC62DE723ABBF7A00897A3C /* LaunchScreen.storyboard in Resources */,
				FAC62DE423ABBF7A00897A3C /* Assets.xcassets in Resources */,
				FAC62DE223ABBF7800897A3C /* Main.storyboard in Resources */,
			);
			runOnlyForDeploymentPostprocessing = 0;
		};
/* End PBXResourcesBuildPhase section */

/* Begin PBXSourcesBuildPhase section */
		FAC62DD323ABBF7800897A3C /* Sources */ = {
			isa = PBXSourcesBuildPhase;
			buildActionMask = 2147483647;
			files = (
				FAC62DDF23ABBF7800897A3C /* ViewController.swift in Sources */,
				FAC62DDB23ABBF7800897A3C /* AppDelegate.swift in Sources */,
				FAC62DDD23ABBF7800897A3C /* SceneDelegate.swift in Sources */,
			);
			runOnlyForDeploymentPostprocessing = 0;
		};
/* End PBXSourcesBuildPhase section */

/* Begin PBXVariantGroup section */
		FAC62DE023ABBF7800897A3C /* Main.storyboard */ = {
			isa = PBXVariantGroup;
			children = (
				FAC62DE123ABBF7800897A3C /* Base */,
			);
			name = Main.storyboard;
			sourceTree = "<group>";
		};
		FAC62DE523ABBF7A00897A3C /* LaunchScreen.storyboard */ = {
			isa = PBXVariantGroup;
			children = (
				FAC62DE623ABBF7A00897A3C /* Base */,
			);
			name = LaunchScreen.storyboard;
			sourceTree = "<group>";
		};
/* End PBXVariantGroup section */

/* Begin XCBuildConfiguration section */
		FAC62DE923ABBF7A00897A3C /* Debug */ = {
			isa = XCBuildConfiguration;
			buildSettings = {
				ALWAYS_SEARCH_USER_PATHS = NO;
				CLANG_ANALYZER_NONNULL = YES;
				CLANG_ANALYZER_NUMBER_OBJECT_CONVERSION = YES_AGGRESSIVE;
				CLANG_CXX_LANGUAGE_STANDARD = "gnu++14";
				CLANG_CXX_LIBRARY = "libc++";
				CLANG_ENABLE_MODULES = YES;
				CLANG_ENABLE_OBJC_ARC = YES;
				CLANG_ENABLE_OBJC_WEAK = YES;
				CLANG_WARN_BLOCK_CAPTURE_AUTORELEASING = YES;
				CLANG_WARN_BOOL_CONVERSION = YES;
				CLANG_WARN_COMMA = YES;
				CLANG_WARN_CONSTANT_CONVERSION = YES;
				CLANG_WARN_DEPRECATED_OBJC_IMPLEMENTATIONS = YES;
				CLANG_WARN_DIRECT_OBJC_ISA_USAGE = YES_ERROR;
				CLANG_WARN_DOCUMENTATION_COMMENTS = YES;
				CLANG_WARN_EMPTY_BODY = YES;
				CLANG_WARN_ENUM_CONVERSION = YES;
				CLANG_WARN_INFINITE_RECURSION = YES;
				CLANG_WARN_INT_CONVERSION = YES;
				CLANG_WARN_NON_LITERAL_NULL_CONVERSION = YES;
				CLANG_WARN_OBJC_IMPLICIT_RETAIN_SELF = YES;
				CLANG_WARN_OBJC_LITERAL_CONVERSION = YES;
				CLANG_WARN_OBJC_ROOT_CLASS = YES_ERROR;
				CLANG_WARN_RANGE_LOOP_ANALYSIS = YES;
				CLANG_WARN_STRICT_PROTOTYPES = YES;
				CLANG_WARN_SUSPICIOUS_MOVE = YES;
				CLANG_WARN_UNGUARDED_AVAILABILITY = YES_AGGRESSIVE;
				CLANG_WARN_UNREACHABLE_CODE = YES;
				CLANG_WARN__DUPLICATE_METHOD_MATCH = YES;
				COPY_PHASE_STRIP = NO;
				DEBUG_INFORMATION_FORMAT = dwarf;
				ENABLE_STRICT_OBJC_MSGSEND = YES;
				ENABLE_TESTABILITY = YES;
				GCC_C_LANGUAGE_STANDARD = gnu11;
				GCC_DYNAMIC_NO_PIC = NO;
				GCC_NO_COMMON_BLOCKS = YES;
				GCC_OPTIMIZATION_LEVEL = 0;
				GCC_PREPROCESSOR_DEFINITIONS = (
					"DEBUG=1",
					"$(inherited)",
				);
				GCC_WARN_64_TO_32_BIT_CONVERSION = YES;
				GCC_WARN_ABOUT_RETURN_TYPE = YES_ERROR;
				GCC_WARN_UNDECLARED_SELECTOR = YES;
				GCC_WARN_UNINITIALIZED_AUTOS = YES_AGGRESSIVE;
				GCC_WARN_UNUSED_FUNCTION = YES;
				GCC_WARN_UNUSED_VARIABLE = YES;
				IPHONEOS_DEPLOYMENT_TARGET = 13.2;
				MTL_ENABLE_DEBUG_INFO = INCLUDE_SOURCE;
				MTL_FAST_MATH = YES;
				ONLY_ACTIVE_ARCH = YES;
				SDKROOT = iphoneos;
				SWIFT_ACTIVE_COMPILATION_CONDITIONS = DEBUG;
				SWIFT_OPTIMIZATION_LEVEL = "-Onone";
			};
			name = Debug;
		};
		FAC62DEA23ABBF7A00897A3C /* Release */ = {
			isa = XCBuildConfiguration;
			buildSettings = {
				ALWAYS_SEARCH_USER_PATHS = NO;
				CLANG_ANALYZER_NONNULL = YES;
				CLANG_ANALYZER_NUMBER_OBJECT_CONVERSION = YES_AGGRESSIVE;
				CLANG_CXX_LANGUAGE_STANDARD = "gnu++14";
				CLANG_CXX_LIBRARY = "libc++";
				CLANG_ENABLE_MODULES = YES;
				CLANG_ENABLE_OBJC_ARC = YES;
				CLANG_ENABLE_OBJC_WEAK = YES;
				CLANG_WARN_BLOCK_CAPTURE_AUTORELEASING = YES;
				CLANG_WARN_BOOL_CONVERSION = YES;
				CLANG_WARN_COMMA = YES;
				CLANG_WARN_CONSTANT_CONVERSION = YES;
				CLANG_WARN_DEPRECATED_OBJC_IMPLEMENTATIONS = YES;
				CLANG_WARN_DIRECT_OBJC_ISA_USAGE = YES_ERROR;
				CLANG_WARN_DOCUMENTATION_COMMENTS = YES;
				CLANG_WARN_EMPTY_BODY = YES;
				CLANG_WARN_ENUM_CONVERSION = YES;
				CLANG_WARN_INFINITE_RECURSION = YES;
				CLANG_WARN_INT_CONVERSION = YES;
				CLANG_WARN_NON_LITERAL_NULL_CONVERSION = YES;
				CLANG_WARN_OBJC_IMPLICIT_RETAIN_SELF = YES;
				CLANG_WARN_OBJC_LITERAL_CONVERSION = YES;
				CLANG_WARN_OBJC_ROOT_CLASS = YES_ERROR;
				CLANG_WARN_RANGE_LOOP_ANALYSIS = YES;
				CLANG_WARN_STRICT_PROTOTYPES = YES;
				CLANG_WARN_SUSPICIOUS_MOVE = YES;
				CLANG_WARN_UNGUARDED_AVAILABILITY = YES_AGGRESSIVE;
				CLANG_WARN_UNREACHABLE_CODE = YES;
				CLANG_WARN__DUPLICATE_METHOD_MATCH = YES;
				COPY_PHASE_STRIP = NO;
				DEBUG_INFORMATION_FORMAT = "dwarf-with-dsym";
				ENABLE_NS_ASSERTIONS = NO;
				ENABLE_STRICT_OBJC_MSGSEND = YES;
				GCC_C_LANGUAGE_STANDARD = gnu11;
				GCC_NO_COMMON_BLOCKS = YES;
				GCC_WARN_64_TO_32_BIT_CONVERSION = YES;
				GCC_WARN_ABOUT_RETURN_TYPE = YES_ERROR;
				GCC_WARN_UNDECLARED_SELECTOR = YES;
				GCC_WARN_UNINITIALIZED_AUTOS = YES_AGGRESSIVE;
				GCC_WARN_UNUSED_FUNCTION = YES;
				GCC_WARN_UNUSED_VARIABLE = YES;
				IPHONEOS_DEPLOYMENT_TARGET = 13.2;
				MTL_ENABLE_DEBUG_INFO = NO;
				MTL_FAST_MATH = YES;
				SDKROOT = iphoneos;
				SWIFT_COMPILATION_MODE = wholemodule;
				SWIFT_OPTIMIZATION_LEVEL = "-O";
				VALIDATE_PRODUCT = YES;
			};
			name = Release;
		};
		FAC62DEC23ABBF7A00897A3C /* Debug */ = {
			isa = XCBuildConfiguration;
			buildSettings = {
				ASSETCATALOG_COMPILER_APPICON_NAME = AppIcon;
				CODE_SIGN_STYLE = Automatic;
				DEVELOPMENT_TEAM = FPTKYV2CX5;
				INFOPLIST_FILE = HeySun/Info.plist;
				LD_RUNPATH_SEARCH_PATHS = (
					"$(inherited)",
					"@executable_path/Frameworks",
				);
				PRODUCT_BUNDLE_IDENTIFIER = alex.kaliev.HeySun;
				PRODUCT_NAME = "$(TARGET_NAME)";
				SWIFT_VERSION = 5.0;
				TARGETED_DEVICE_FAMILY = "1,2";
			};
			name = Debug;
		};
		FAC62DED23ABBF7A00897A3C /* Release */ = {
			isa = XCBuildConfiguration;
			buildSettings = {
				ASSETCATALOG_COMPILER_APPICON_NAME = AppIcon;
				CODE_SIGN_STYLE = Automatic;
				DEVELOPMENT_TEAM = FPTKYV2CX5;
				INFOPLIST_FILE = HeySun/Info.plist;
				LD_RUNPATH_SEARCH_PATHS = (
					"$(inherited)",
					"@executable_path/Frameworks",
				);
				PRODUCT_BUNDLE_IDENTIFIER = alex.kaliev.HeySun;
				PRODUCT_NAME = "$(TARGET_NAME)";
				SWIFT_VERSION = 5.0;
				TARGETED_DEVICE_FAMILY = "1,2";
			};
			name = Release;
		};
/* End XCBuildConfiguration section */

/* Begin XCConfigurationList section */
		FAC62DD223ABBF7800897A3C /* Build configuration list for PBXProject "HeySun" */ = {
			isa = XCConfigurationList;
			buildConfigurations = (
				FAC62DE923ABBF7A00897A3C /* Debug */,
				FAC62DEA23ABBF7A00897A3C /* Release */,
			);
			defaultConfigurationIsVisible = 0;
			defaultConfigurationName = Release;
		};
		FAC62DEB23ABBF7A00897A3C /* Build configuration list for PBXNativeTarget "HeySun" */ = {
			isa = XCConfigurationList;
			buildConfigurations = (
				FAC62DEC23ABBF7A00897A3C /* Debug */,
				FAC62DED23ABBF7A00897A3C /* Release */,
			);
			defaultConfigurationIsVisible = 0;
			defaultConfigurationName = Release;
		};
/* End XCConfigurationList section */
	};
	rootObject = FAC62DCF23ABBF7800897A3C /* Project object */;
}
