// !$*UTF8*$!
{
	archiveVersion = 1;
	classes = {
	};
	objectVersion = 51;
	objects = {

/* Begin PBXBuildFile section */
		04C7DEECBE2D73C0F9F847E3 /* Pods_HeySun.framework in Frameworks */ = {isa = PBXBuildFile; fileRef = 05549E9708032EC4B1A3FACA /* Pods_HeySun.framework */; };
		FA78079E23AC234900FAABF6 /* Montserrat-Light.ttf in Resources */ = {isa = PBXBuildFile; fileRef = FA78079D23AC234900FAABF6 /* Montserrat-Light.ttf */; };
		FA7807A023AC23DD00FAABF6 /* Rubik-Light.ttf in Resources */ = {isa = PBXBuildFile; fileRef = FA78079F23AC23DD00FAABF6 /* Rubik-Light.ttf */; };
		FAC62DDB23ABBF7800897A3C /* AppDelegate.swift in Sources */ = {isa = PBXBuildFile; fileRef = FAC62DDA23ABBF7800897A3C /* AppDelegate.swift */; };
		FAC62DE223ABBF7800897A3C /* Main.storyboard in Resources */ = {isa = PBXBuildFile; fileRef = FAC62DE023ABBF7800897A3C /* Main.storyboard */; };
		FAC62DE423ABBF7A00897A3C /* Assets.xcassets in Resources */ = {isa = PBXBuildFile; fileRef = FAC62DE323ABBF7A00897A3C /* Assets.xcassets */; };
		FAC62DE723ABBF7A00897A3C /* LaunchScreen.storyboard in Resources */ = {isa = PBXBuildFile; fileRef = FAC62DE523ABBF7A00897A3C /* LaunchScreen.storyboard */; };
		FAC62DF323ABC21300897A3C /* HourlyTableViewController.swift in Sources */ = {isa = PBXBuildFile; fileRef = FAC62DF223ABC21300897A3C /* HourlyTableViewController.swift */; };
		FAC62DF523ABC23C00897A3C /* HourlyTableViewCell.xib in Resources */ = {isa = PBXBuildFile; fileRef = FAC62DF423ABC23C00897A3C /* HourlyTableViewCell.xib */; };
		FAC62DF923ABC35F00897A3C /* Rubik-Regular.ttf in Resources */ = {isa = PBXBuildFile; fileRef = FAC62DF723ABC35F00897A3C /* Rubik-Regular.ttf */; };
		FAC62DFA23ABC35F00897A3C /* Rubik-Medium.ttf in Resources */ = {isa = PBXBuildFile; fileRef = FAC62DF823ABC35F00897A3C /* Rubik-Medium.ttf */; };
		FAC62DFC23ABDD1C00897A3C /* HourlyTableViewCell.swift in Sources */ = {isa = PBXBuildFile; fileRef = FAC62DFB23ABDD1C00897A3C /* HourlyTableViewCell.swift */; };
		FACCCD0523ABDE0C00E85A4F /* WeatherManager.swift in Sources */ = {isa = PBXBuildFile; fileRef = FACCCD0423ABDE0C00E85A4F /* WeatherManager.swift */; };
		FACCCD0823ABDE5E00E85A4F /* HourlyWeather.swift in Sources */ = {isa = PBXBuildFile; fileRef = FACCCD0723ABDE5E00E85A4F /* HourlyWeather.swift */; };
		FACCCD0B23ABDE6D00E85A4F /* ViewModel.swift in Sources */ = {isa = PBXBuildFile; fileRef = FACCCD0A23ABDE6D00E85A4F /* ViewModel.swift */; };
/* End PBXBuildFile section */

/* Begin PBXFileReference section */
		05549E9708032EC4B1A3FACA /* Pods_HeySun.framework */ = {isa = PBXFileReference; explicitFileType = wrapper.framework; includeInIndex = 0; path = Pods_HeySun.framework; sourceTree = BUILT_PRODUCTS_DIR; };
		8909CB28F17E217063E1FF1B /* Pods-HeySun.debug.xcconfig */ = {isa = PBXFileReference; includeInIndex = 1; lastKnownFileType = text.xcconfig; name = "Pods-HeySun.debug.xcconfig"; path = "Target Support Files/Pods-HeySun/Pods-HeySun.debug.xcconfig"; sourceTree = "<group>"; };
		C6CE1341926385DDBD31937D /* Pods-HeySun.release.xcconfig */ = {isa = PBXFileReference; includeInIndex = 1; lastKnownFileType = text.xcconfig; name = "Pods-HeySun.release.xcconfig"; path = "Target Support Files/Pods-HeySun/Pods-HeySun.release.xcconfig"; sourceTree = "<group>"; };
		FA78079D23AC234900FAABF6 /* Montserrat-Light.ttf */ = {isa = PBXFileReference; lastKnownFileType = file; path = "Montserrat-Light.ttf"; sourceTree = "<group>"; };
		FA78079F23AC23DD00FAABF6 /* Rubik-Light.ttf */ = {isa = PBXFileReference; lastKnownFileType = file; path = "Rubik-Light.ttf"; sourceTree = "<group>"; };
		FAC62DD723ABBF7800897A3C /* HeySun.app */ = {isa = PBXFileReference; explicitFileType = wrapper.application; includeInIndex = 0; path = HeySun.app; sourceTree = BUILT_PRODUCTS_DIR; };
		FAC62DDA23ABBF7800897A3C /* AppDelegate.swift */ = {isa = PBXFileReference; lastKnownFileType = sourcecode.swift; path = AppDelegate.swift; sourceTree = "<group>"; };
		FAC62DE123ABBF7800897A3C /* Base */ = {isa = PBXFileReference; lastKnownFileType = file.storyboard; name = Base; path = Base.lproj/Main.storyboard; sourceTree = "<group>"; };
		FAC62DE323ABBF7A00897A3C /* Assets.xcassets */ = {isa = PBXFileReference; lastKnownFileType = folder.assetcatalog; path = Assets.xcassets; sourceTree = "<group>"; };
		FAC62DE623ABBF7A00897A3C /* Base */ = {isa = PBXFileReference; lastKnownFileType = file.storyboard; name = Base; path = Base.lproj/LaunchScreen.storyboard; sourceTree = "<group>"; };
		FAC62DE823ABBF7A00897A3C /* Info.plist */ = {isa = PBXFileReference; lastKnownFileType = text.plist.xml; path = Info.plist; sourceTree = "<group>"; };
		FAC62DF223ABC21300897A3C /* HourlyTableViewController.swift */ = {isa = PBXFileReference; lastKnownFileType = sourcecode.swift; path = HourlyTableViewController.swift; sourceTree = "<group>"; };
		FAC62DF423ABC23C00897A3C /* HourlyTableViewCell.xib */ = {isa = PBXFileReference; lastKnownFileType = file.xib; path = HourlyTableViewCell.xib; sourceTree = "<group>"; };
		FAC62DF723ABC35F00897A3C /* Rubik-Regular.ttf */ = {isa = PBXFileReference; lastKnownFileType = file; path = "Rubik-Regular.ttf"; sourceTree = "<group>"; };
		FAC62DF823ABC35F00897A3C /* Rubik-Medium.ttf */ = {isa = PBXFileReference; lastKnownFileType = file; path = "Rubik-Medium.ttf"; sourceTree = "<group>"; };
		FAC62DFB23ABDD1C00897A3C /* HourlyTableViewCell.swift */ = {isa = PBXFileReference; lastKnownFileType = sourcecode.swift; path = HourlyTableViewCell.swift; sourceTree = "<group>"; };
		FACCCD0423ABDE0C00E85A4F /* WeatherManager.swift */ = {isa = PBXFileReference; lastKnownFileType = sourcecode.swift; path = WeatherManager.swift; sourceTree = "<group>"; };
		FACCCD0723ABDE5E00E85A4F /* HourlyWeather.swift */ = {isa = PBXFileReference; lastKnownFileType = sourcecode.swift; path = HourlyWeather.swift; sourceTree = "<group>"; };
		FACCCD0A23ABDE6D00E85A4F /* ViewModel.swift */ = {isa = PBXFileReference; lastKnownFileType = sourcecode.swift; path = ViewModel.swift; sourceTree = "<group>"; };
/* End PBXFileReference section */

/* Begin PBXFrameworksBuildPhase section */
		FAC62DD423ABBF7800897A3C /* Frameworks */ = {
			isa = PBXFrameworksBuildPhase;
			buildActionMask = 2147483647;
			files = (
				04C7DEECBE2D73C0F9F847E3 /* Pods_HeySun.framework in Frameworks */,
			);
			runOnlyForDeploymentPostprocessing = 0;
		};
/* End PBXFrameworksBuildPhase section */

/* Begin PBXGroup section */
		3CE9398B180C57DFFF22373A /* Pods */ = {
			isa = PBXGroup;
			children = (
				8909CB28F17E217063E1FF1B /* Pods-HeySun.debug.xcconfig */,
				C6CE1341926385DDBD31937D /* Pods-HeySun.release.xcconfig */,
			);
			path = Pods;
			sourceTree = "<group>";
		};
		DBF30771FF455D5396888BAF /* Frameworks */ = {
			isa = PBXGroup;
			children = (
				05549E9708032EC4B1A3FACA /* Pods_HeySun.framework */,
			);
			name = Frameworks;
			sourceTree = "<group>";
		};
		FAC62DCE23ABBF7800897A3C = {
			isa = PBXGroup;
			children = (
				FAC62DD923ABBF7800897A3C /* HeySun */,
				FAC62DD823ABBF7800897A3C /* Products */,
				3CE9398B180C57DFFF22373A /* Pods */,
				DBF30771FF455D5396888BAF /* Frameworks */,
			);
			sourceTree = "<group>";
		};
		FAC62DD823ABBF7800897A3C /* Products */ = {
			isa = PBXGroup;
			children = (
				FAC62DD723ABBF7800897A3C /* HeySun.app */,
			);
			name = Products;
			sourceTree = "<group>";
		};
		FAC62DD923ABBF7800897A3C /* HeySun */ = {
			isa = PBXGroup;
			children = (
				FACCCD0923ABDE6100E85A4F /* ViewModel */,
				FACCCD0623ABDE4900E85A4F /* Model */,
				FACCCD0323ABDDF600E85A4F /* Managers */,
				FAC62DF623ABC34600897A3C /* Fonts */,
				FAC62DEF23ABC0B900897A3C /* Storyboard */,
				FAC62DEE23ABC07900897A3C /* Controllers */,
				FAC62DDA23ABBF7800897A3C /* AppDelegate.swift */,
				FAC62DE323ABBF7A00897A3C /* Assets.xcassets */,
				FAC62DE523ABBF7A00897A3C /* LaunchScreen.storyboard */,
				FAC62DE823ABBF7A00897A3C /* Info.plist */,
			);
			path = HeySun;
			sourceTree = "<group>";
		};
		FAC62DEE23ABC07900897A3C /* Controllers */ = {
			isa = PBXGroup;
			children = (
				FAC62DF223ABC21300897A3C /* HourlyTableViewController.swift */,
				FAC62DFB23ABDD1C00897A3C /* HourlyTableViewCell.swift */,
			);
			path = Controllers;
			sourceTree = "<group>";
		};
		FAC62DEF23ABC0B900897A3C /* Storyboard */ = {
			isa = PBXGroup;
			children = (
				FAC62DE023ABBF7800897A3C /* Main.storyboard */,
				FAC62DF423ABC23C00897A3C /* HourlyTableViewCell.xib */,
			);
			path = Storyboard;
			sourceTree = "<group>";
		};
		FAC62DF623ABC34600897A3C /* Fonts */ = {
			isa = PBXGroup;
			children = (
				FA78079F23AC23DD00FAABF6 /* Rubik-Light.ttf */,
				FA78079D23AC234900FAABF6 /* Montserrat-Light.ttf */,
				FAC62DF823ABC35F00897A3C /* Rubik-Medium.ttf */,
				FAC62DF723ABC35F00897A3C /* Rubik-Regular.ttf */,
			);
			path = Fonts;
			sourceTree = "<group>";
		};
		FACCCD0323ABDDF600E85A4F /* Managers */ = {
			isa = PBXGroup;
			children = (
				FACCCD0423ABDE0C00E85A4F /* WeatherManager.swift */,
			);
			path = Managers;
			sourceTree = "<group>";
		};
		FACCCD0623ABDE4900E85A4F /* Model */ = {
			isa = PBXGroup;
			children = (
				FACCCD0723ABDE5E00E85A4F /* HourlyWeather.swift */,
			);
			path = Model;
			sourceTree = "<group>";
		};
		FACCCD0923ABDE6100E85A4F /* ViewModel */ = {
			isa = PBXGroup;
			children = (
				FACCCD0A23ABDE6D00E85A4F /* ViewModel.swift */,
			);
			path = ViewModel;
			sourceTree = "<group>";
		};
/* End PBXGroup section */

/* Begin PBXNativeTarget section */
		FAC62DD623ABBF7800897A3C /* HeySun */ = {
			isa = PBXNativeTarget;
			buildConfigurationList = FAC62DEB23ABBF7A00897A3C /* Build configuration list for PBXNativeTarget "HeySun" */;
			buildPhases = (
				1638A5018E5033A33EE14F02 /* [CP] Check Pods Manifest.lock */,
				FAC62DD323ABBF7800897A3C /* Sources */,
				FAC62DD423ABBF7800897A3C /* Frameworks */,
				FAC62DD523ABBF7800897A3C /* Resources */,
				442E4F23038B23C27481548D /* [CP] Embed Pods Frameworks */,
			);
			buildRules = (
			);
			dependencies = (
			);
			name = HeySun;
			productName = HeySun;
			productReference = FAC62DD723ABBF7800897A3C /* HeySun.app */;
			productType = "com.apple.product-type.application";
		};
/* End PBXNativeTarget section */

/* Begin PBXProject section */
		FAC62DCF23ABBF7800897A3C /* Project object */ = {
			isa = PBXProject;
			attributes = {
				LastSwiftUpdateCheck = 1130;
				LastUpgradeCheck = 1130;
				ORGANIZATIONNAME = "Aleksei Kaliev";
				TargetAttributes = {
					FAC62DD623ABBF7800897A3C = {
						CreatedOnToolsVersion = 11.3;
					};
				};
			};
			buildConfigurationList = FAC62DD223ABBF7800897A3C /* Build configuration list for PBXProject "HeySun" */;
			compatibilityVersion = "Xcode 9.3";
			developmentRegion = en;
			hasScannedForEncodings = 0;
			knownRegions = (
				en,
				Base,
			);
			mainGroup = FAC62DCE23ABBF7800897A3C;
			productRefGroup = FAC62DD823ABBF7800897A3C /* Products */;
			projectDirPath = "";
			projectRoot = "";
			targets = (
				FAC62DD623ABBF7800897A3C /* HeySun */,
			);
		};
/* End PBXProject section */

/* Begin PBXResourcesBuildPhase section */
		FAC62DD523ABBF7800897A3C /* Resources */ = {
			isa = PBXResourcesBuildPhase;
			buildActionMask = 2147483647;
			files = (
				FA78079E23AC234900FAABF6 /* Montserrat-Light.ttf in Resources */,
				FAC62DE723ABBF7A00897A3C /* LaunchScreen.storyboard in Resources */,
				FAC62DE423ABBF7A00897A3C /* Assets.xcassets in Resources */,
				FAC62DF523ABC23C00897A3C /* HourlyTableViewCell.xib in Resources */,
				FAC62DFA23ABC35F00897A3C /* Rubik-Medium.ttf in Resources */,
				FA7807A023AC23DD00FAABF6 /* Rubik-Light.ttf in Resources */,
				FAC62DF923ABC35F00897A3C /* Rubik-Regular.ttf in Resources */,
				FAC62DE223ABBF7800897A3C /* Main.storyboard in Resources */,
			);
			runOnlyForDeploymentPostprocessing = 0;
		};
/* End PBXResourcesBuildPhase section */

/* Begin PBXShellScriptBuildPhase section */
		1638A5018E5033A33EE14F02 /* [CP] Check Pods Manifest.lock */ = {
			isa = PBXShellScriptBuildPhase;
			buildActionMask = 2147483647;
			files = (
			);
			inputFileListPaths = (
			);
			inputPaths = (
				"${PODS_PODFILE_DIR_PATH}/Podfile.lock",
				"${PODS_ROOT}/Manifest.lock",
			);
			name = "[CP] Check Pods Manifest.lock";
			outputFileListPaths = (
			);
			outputPaths = (
				"$(DERIVED_FILE_DIR)/Pods-HeySun-checkManifestLockResult.txt",
			);
			runOnlyForDeploymentPostprocessing = 0;
			shellPath = /bin/sh;
			shellScript = "diff \"${PODS_PODFILE_DIR_PATH}/Podfile.lock\" \"${PODS_ROOT}/Manifest.lock\" > /dev/null\nif [ $? != 0 ] ; then\n    # print error to STDERR\n    echo \"error: The sandbox is not in sync with the Podfile.lock. Run 'pod install' or update your CocoaPods installation.\" >&2\n    exit 1\nfi\n# This output is used by Xcode 'outputs' to avoid re-running this script phase.\necho \"SUCCESS\" > \"${SCRIPT_OUTPUT_FILE_0}\"\n";
			showEnvVarsInLog = 0;
		};
		442E4F23038B23C27481548D /* [CP] Embed Pods Frameworks */ = {
			isa = PBXShellScriptBuildPhase;
			buildActionMask = 2147483647;
			files = (
			);
			inputFileListPaths = (
				"${PODS_ROOT}/Target Support Files/Pods-HeySun/Pods-HeySun-frameworks-${CONFIGURATION}-input-files.xcfilelist",
			);
			name = "[CP] Embed Pods Frameworks";
			outputFileListPaths = (
				"${PODS_ROOT}/Target Support Files/Pods-HeySun/Pods-HeySun-frameworks-${CONFIGURATION}-output-files.xcfilelist",
			);
			runOnlyForDeploymentPostprocessing = 0;
			shellPath = /bin/sh;
			shellScript = "\"${PODS_ROOT}/Target Support Files/Pods-HeySun/Pods-HeySun-frameworks.sh\"\n";
			showEnvVarsInLog = 0;
		};
/* End PBXShellScriptBuildPhase section */

/* Begin PBXSourcesBuildPhase section */
		FAC62DD323ABBF7800897A3C /* Sources */ = {
			isa = PBXSourcesBuildPhase;
			buildActionMask = 2147483647;
			files = (
				FAC62DF323ABC21300897A3C /* HourlyTableViewController.swift in Sources */,
				FAC62DDB23ABBF7800897A3C /* AppDelegate.swift in Sources */,
				FACCCD0523ABDE0C00E85A4F /* WeatherManager.swift in Sources */,
				FACCCD0823ABDE5E00E85A4F /* HourlyWeather.swift in Sources */,
				FAC62DFC23ABDD1C00897A3C /* HourlyTableViewCell.swift in Sources */,
				FACCCD0B23ABDE6D00E85A4F /* ViewModel.swift in Sources */,
			);
			runOnlyForDeploymentPostprocessing = 0;
		};
/* End PBXSourcesBuildPhase section */

/* Begin PBXVariantGroup section */
		FAC62DE023ABBF7800897A3C /* Main.storyboard */ = {
			isa = PBXVariantGroup;
			children = (
				FAC62DE123ABBF7800897A3C /* Base */,
			);
			name = Main.storyboard;
			sourceTree = "<group>";
		};
		FAC62DE523ABBF7A00897A3C /* LaunchScreen.storyboard */ = {
			isa = PBXVariantGroup;
			children = (
				FAC62DE623ABBF7A00897A3C /* Base */,
			);
			name = LaunchScreen.storyboard;
			sourceTree = "<group>";
		};
/* End PBXVariantGroup section */

/* Begin XCBuildConfiguration section */
		FAC62DE923ABBF7A00897A3C /* Debug */ = {
			isa = XCBuildConfiguration;
			buildSettings = {
				ALWAYS_SEARCH_USER_PATHS = NO;
				CLANG_ANALYZER_NONNULL = YES;
				CLANG_ANALYZER_NUMBER_OBJECT_CONVERSION = YES_AGGRESSIVE;
				CLANG_CXX_LANGUAGE_STANDARD = "gnu++14";
				CLANG_CXX_LIBRARY = "libc++";
				CLANG_ENABLE_MODULES = YES;
				CLANG_ENABLE_OBJC_ARC = YES;
				CLANG_ENABLE_OBJC_WEAK = YES;
				CLANG_WARN_BLOCK_CAPTURE_AUTORELEASING = YES;
				CLANG_WARN_BOOL_CONVERSION = YES;
				CLANG_WARN_COMMA = YES;
				CLANG_WARN_CONSTANT_CONVERSION = YES;
				CLANG_WARN_DEPRECATED_OBJC_IMPLEMENTATIONS = YES;
				CLANG_WARN_DIRECT_OBJC_ISA_USAGE = YES_ERROR;
				CLANG_WARN_DOCUMENTATION_COMMENTS = YES;
				CLANG_WARN_EMPTY_BODY = YES;
				CLANG_WARN_ENUM_CONVERSION = YES;
				CLANG_WARN_INFINITE_RECURSION = YES;
				CLANG_WARN_INT_CONVERSION = YES;
				CLANG_WARN_NON_LITERAL_NULL_CONVERSION = YES;
				CLANG_WARN_OBJC_IMPLICIT_RETAIN_SELF = YES;
				CLANG_WARN_OBJC_LITERAL_CONVERSION = YES;
				CLANG_WARN_OBJC_ROOT_CLASS = YES_ERROR;
				CLANG_WARN_RANGE_LOOP_ANALYSIS = YES;
				CLANG_WARN_STRICT_PROTOTYPES = YES;
				CLANG_WARN_SUSPICIOUS_MOVE = YES;
				CLANG_WARN_UNGUARDED_AVAILABILITY = YES_AGGRESSIVE;
				CLANG_WARN_UNREACHABLE_CODE = YES;
				CLANG_WARN__DUPLICATE_METHOD_MATCH = YES;
				COPY_PHASE_STRIP = NO;
				DEBUG_INFORMATION_FORMAT = dwarf;
				ENABLE_STRICT_OBJC_MSGSEND = YES;
				ENABLE_TESTABILITY = YES;
				GCC_C_LANGUAGE_STANDARD = gnu11;
				GCC_DYNAMIC_NO_PIC = NO;
				GCC_NO_COMMON_BLOCKS = YES;
				GCC_OPTIMIZATION_LEVEL = 0;
				GCC_PREPROCESSOR_DEFINITIONS = (
					"DEBUG=1",
					"$(inherited)",
				);
				GCC_WARN_64_TO_32_BIT_CONVERSION = YES;
				GCC_WARN_ABOUT_RETURN_TYPE = YES_ERROR;
				GCC_WARN_UNDECLARED_SELECTOR = YES;
				GCC_WARN_UNINITIALIZED_AUTOS = YES_AGGRESSIVE;
				GCC_WARN_UNUSED_FUNCTION = YES;
				GCC_WARN_UNUSED_VARIABLE = YES;
				IPHONEOS_DEPLOYMENT_TARGET = 13.2;
				MTL_ENABLE_DEBUG_INFO = INCLUDE_SOURCE;
				MTL_FAST_MATH = YES;
				ONLY_ACTIVE_ARCH = YES;
				SDKROOT = iphoneos;
				SWIFT_ACTIVE_COMPILATION_CONDITIONS = DEBUG;
				SWIFT_OPTIMIZATION_LEVEL = "-Onone";
			};
			name = Debug;
		};
		FAC62DEA23ABBF7A00897A3C /* Release */ = {
			isa = XCBuildConfiguration;
			buildSettings = {
				ALWAYS_SEARCH_USER_PATHS = NO;
				CLANG_ANALYZER_NONNULL = YES;
				CLANG_ANALYZER_NUMBER_OBJECT_CONVERSION = YES_AGGRESSIVE;
				CLANG_CXX_LANGUAGE_STANDARD = "gnu++14";
				CLANG_CXX_LIBRARY = "libc++";
				CLANG_ENABLE_MODULES = YES;
				CLANG_ENABLE_OBJC_ARC = YES;
				CLANG_ENABLE_OBJC_WEAK = YES;
				CLANG_WARN_BLOCK_CAPTURE_AUTORELEASING = YES;
				CLANG_WARN_BOOL_CONVERSION = YES;
				CLANG_WARN_COMMA = YES;
				CLANG_WARN_CONSTANT_CONVERSION = YES;
				CLANG_WARN_DEPRECATED_OBJC_IMPLEMENTATIONS = YES;
				CLANG_WARN_DIRECT_OBJC_ISA_USAGE = YES_ERROR;
				CLANG_WARN_DOCUMENTATION_COMMENTS = YES;
				CLANG_WARN_EMPTY_BODY = YES;
				CLANG_WARN_ENUM_CONVERSION = YES;
				CLANG_WARN_INFINITE_RECURSION = YES;
				CLANG_WARN_INT_CONVERSION = YES;
				CLANG_WARN_NON_LITERAL_NULL_CONVERSION = YES;
				CLANG_WARN_OBJC_IMPLICIT_RETAIN_SELF = YES;
				CLANG_WARN_OBJC_LITERAL_CONVERSION = YES;
				CLANG_WARN_OBJC_ROOT_CLASS = YES_ERROR;
				CLANG_WARN_RANGE_LOOP_ANALYSIS = YES;
				CLANG_WARN_STRICT_PROTOTYPES = YES;
				CLANG_WARN_SUSPICIOUS_MOVE = YES;
				CLANG_WARN_UNGUARDED_AVAILABILITY = YES_AGGRESSIVE;
				CLANG_WARN_UNREACHABLE_CODE = YES;
				CLANG_WARN__DUPLICATE_METHOD_MATCH = YES;
				COPY_PHASE_STRIP = NO;
				DEBUG_INFORMATION_FORMAT = "dwarf-with-dsym";
				ENABLE_NS_ASSERTIONS = NO;
				ENABLE_STRICT_OBJC_MSGSEND = YES;
				GCC_C_LANGUAGE_STANDARD = gnu11;
				GCC_NO_COMMON_BLOCKS = YES;
				GCC_WARN_64_TO_32_BIT_CONVERSION = YES;
				GCC_WARN_ABOUT_RETURN_TYPE = YES_ERROR;
				GCC_WARN_UNDECLARED_SELECTOR = YES;
				GCC_WARN_UNINITIALIZED_AUTOS = YES_AGGRESSIVE;
				GCC_WARN_UNUSED_FUNCTION = YES;
				GCC_WARN_UNUSED_VARIABLE = YES;
				IPHONEOS_DEPLOYMENT_TARGET = 13.2;
				MTL_ENABLE_DEBUG_INFO = NO;
				MTL_FAST_MATH = YES;
				SDKROOT = iphoneos;
				SWIFT_COMPILATION_MODE = wholemodule;
				SWIFT_OPTIMIZATION_LEVEL = "-O";
				VALIDATE_PRODUCT = YES;
			};
			name = Release;
		};
		FAC62DEC23ABBF7A00897A3C /* Debug */ = {
			isa = XCBuildConfiguration;
			baseConfigurationReference = 8909CB28F17E217063E1FF1B /* Pods-HeySun.debug.xcconfig */;
			buildSettings = {
				ASSETCATALOG_COMPILER_APPICON_NAME = AppIcon;
				CODE_SIGN_STYLE = Automatic;
				DEVELOPMENT_TEAM = FPTKYV2CX5;
				INFOPLIST_FILE = HeySun/Info.plist;
				IPHONEOS_DEPLOYMENT_TARGET = 11.0;
				LD_RUNPATH_SEARCH_PATHS = (
					"$(inherited)",
					"@executable_path/Frameworks",
				);
				PRODUCT_BUNDLE_IDENTIFIER = alex.kaliev.HeySun;
				PRODUCT_NAME = "$(TARGET_NAME)";
				SWIFT_VERSION = 5.0;
				TARGETED_DEVICE_FAMILY = 1;
			};
			name = Debug;
		};
		FAC62DED23ABBF7A00897A3C /* Release */ = {
			isa = XCBuildConfiguration;
			baseConfigurationReference = C6CE1341926385DDBD31937D /* Pods-HeySun.release.xcconfig */;
			buildSettings = {
				ASSETCATALOG_COMPILER_APPICON_NAME = AppIcon;
				CODE_SIGN_STYLE = Automatic;
				DEVELOPMENT_TEAM = FPTKYV2CX5;
				INFOPLIST_FILE = HeySun/Info.plist;
				IPHONEOS_DEPLOYMENT_TARGET = 11.0;
				LD_RUNPATH_SEARCH_PATHS = (
					"$(inherited)",
					"@executable_path/Frameworks",
				);
				PRODUCT_BUNDLE_IDENTIFIER = alex.kaliev.HeySun;
				PRODUCT_NAME = "$(TARGET_NAME)";
				SWIFT_VERSION = 5.0;
				TARGETED_DEVICE_FAMILY = 1;
			};
			name = Release;
		};
/* End XCBuildConfiguration section */

/* Begin XCConfigurationList section */
		FAC62DD223ABBF7800897A3C /* Build configuration list for PBXProject "HeySun" */ = {
			isa = XCConfigurationList;
			buildConfigurations = (
				FAC62DE923ABBF7A00897A3C /* Debug */,
				FAC62DEA23ABBF7A00897A3C /* Release */,
			);
			defaultConfigurationIsVisible = 0;
			defaultConfigurationName = Release;
		};
		FAC62DEB23ABBF7A00897A3C /* Build configuration list for PBXNativeTarget "HeySun" */ = {
			isa = XCConfigurationList;
			buildConfigurations = (
				FAC62DEC23ABBF7A00897A3C /* Debug */,
				FAC62DED23ABBF7A00897A3C /* Release */,
			);
			defaultConfigurationIsVisible = 0;
			defaultConfigurationName = Release;
		};
/* End XCConfigurationList section */
	};
	rootObject = FAC62DCF23ABBF7800897A3C /* Project object */;
}
